
Microsoft Visual Studio Solution File, Format Version 12.00
# Visual Studio Version 16
VisualStudioVersion = 16.0.29201.188
MinimumVisualStudioVersion = 10.0.40219.1
Project("{9A19103F-16F7-4668-BE54-9A1E7A4F7556}") = "Web", "src\Web\Web.csproj", "{B40B1D2C-2CA4-4F75-99A6-0463C760F4A4}"
EndProject
Project("{9A19103F-16F7-4668-BE54-9A1E7A4F7556}") = "Zxw.Framework.NetCore", "..\Zxw.Framework.NetCore\Zxw.Framework.NetCore\Zxw.Framework.NetCore.csproj", "{A86E281C-3560-4EC4-98A2-3A2965A06B3E}"
EndProject
Global
	GlobalSection(SolutionConfigurationPlatforms) = preSolution
		Debug|Any CPU = Debug|Any CPU
		Release|Any CPU = Release|Any CPU
	EndGlobalSection
	GlobalSection(ProjectConfigurationPlatforms) = postSolution
		{B40B1D2C-2CA4-4F75-99A6-0463C760F4A4}.Debug|Any CPU.ActiveCfg = Debug|Any CPU
		{B40B1D2C-2CA4-4F75-99A6-0463C760F4A4}.Debug|Any CPU.Build.0 = Debug|Any CPU
		{B40B1D2C-2CA4-4F75-99A6-0463C760F4A4}.Release|Any CPU.ActiveCfg = Release|Any CPU
		{B40B1D2C-2CA4-4F75-99A6-0463C760F4A4}.Release|Any CPU.Build.0 = Release|Any CPU
		{A86E281C-3560-4EC4-98A2-3A2965A06B3E}.Debug|Any CPU.ActiveCfg = Debug|Any CPU
		{A86E281C-3560-4EC4-98A2-3A2965A06B3E}.Debug|Any CPU.Build.0 = Debug|Any CPU
		{A86E281C-3560-4EC4-98A2-3A2965A06B3E}.Release|Any CPU.ActiveCfg = Release|Any CPU
		{A86E281C-3560-4EC4-98A2-3A2965A06B3E}.Release|Any CPU.Build.0 = Release|Any CPU
	EndGlobalSection
	GlobalSection(SolutionProperties) = preSolution
		HideSolutionNode = FALSE
	EndGlobalSection
	GlobalSection(ExtensibilityGlobals) = postSolution
		SolutionGuid = {DD3727F0-22BA-4CAB-A64E-BCFDBBFA05C2}
	EndGlobalSection
EndGlobal
